Microsoft Visual Studio Solution File, Format Version 12.00
# Visual Studio 14
VisualStudioVersion = 14.0.25420.1
MinimumVisualStudioVersion = 10.0.40219.1
Project("{FAE04EC0-301F-11D3-BF4B-00C04F79EFBC}") = "Common.Data", "Common.Data\Common.Data.csproj", "{1590D270-99DD-4E48-A739-B3A89ED59787}"
EndProject
Project("{FAE04EC0-301F-11D3-BF4B-00C04F79EFBC}") = "Common.Data.MongoDB", "Common.Data.MongoDB\Common.Data.MongoDB.csproj", "{A782EC5A-B180-4F75-91D6-4FD1E54F2C76}"
EndProject
Project("{FAE04EC0-301F-11D3-BF4B-00C04F79EFBC}") = "Common.API", "Common.API\Common.API.csproj", "{464CC997-4CA7-4389-AD63-66386100CAA0}"
EndProject
Project("{FAE04EC0-301F-11D3-BF4B-00C04F79EFBC}") = "Common.Types", "Common.Types\Common.Types.csproj", "{60CAC68B-F9E9-46D5-8A25-2A4DE630F288}"
EndProject
Project("{FAE04EC0-301F-11D3-BF4B-00C04F79EFBC}") = "Common.Domain", "Common.Domain\Common.Domain.csproj", "{720C2FA7-6BE6-48FC-A92A-EB081158DF6E}"
EndProject
Project("{2150E333-8FDC-42A3-9474-1A3956D46DE8}") = "99 - Common", "99 - Common", "{3D7F99AE-85A7-427F-B281-D6AE89D73118}"
EndProject
Project("{2150E333-8FDC-42A3-9474-1A3956D46DE8}") = "01 - API", "01 - API", "{7C037E16-491B-4E8E-8A03-8421BB9389E5}"
EndProject
Project("{2150E333-8FDC-42A3-9474-1A3956D46DE8}") = "03 - Domain", "03 - Domain", "{39E30139-63CB-46C4-959D-C06CFE3AC7A7}"
EndProject
Project("{2150E333-8FDC-42A3-9474-1A3956D46DE8}") = "04 - Data", "04 - Data", "{97AC4CDF-29D4-41AC-ADAA-A3D5AE0AE084}"
EndProject
Project("{2150E333-8FDC-42A3-9474-1A3956D46DE8}") = ".nuget", ".nuget", "{1F011D7C-00B0-4A88-B4A0-D68D5EEC740B}"
	ProjectSection(SolutionItems) = preProject
		.nuget\packages.config = .nuget\packages.config
	EndProjectSection
EndProject
Project("{FAE04EC0-301F-11D3-BF4B-00C04F79EFBC}") = "Common.Data.MongoDB.Test", "Common.Data.MongoDB.Test\Common.Data.MongoDB.Test.csproj", "{B09EDEBE-EF47-4B6F-8FCF-EC36CE13DE80}"
EndProject
Project("{FAE04EC0-301F-11D3-BF4B-00C04F79EFBC}") = "Common.Types.Test", "Common.Types.Test\Common.Types.Test.csproj", "{CF8C6627-A759-4037-93E4-81514A74E967}"
EndProject
Project("{FAE04EC0-301F-11D3-BF4B-00C04F79EFBC}") = "Common.API.Test", "Common.API.Test\Common.API.Test.csproj", "{D89CF6CD-23EE-4E8F-ABDB-AAC8D8A7671E}"
EndProject
Project("{2150E333-8FDC-42A3-9474-1A3956D46DE8}") = "10 - Tools", "10 - Tools", "{9029CE61-E258-4414-8C84-C6D86E7E9F10}"
EndProject
Project("{FAE04EC0-301F-11D3-BF4B-00C04F79EFBC}") = "KT.API", "KT.API\KT.API.csproj", "{F905F18E-B214-4A1A-9107-915988E5ED02}"
EndProject
Project("{FAE04EC0-301F-11D3-BF4B-00C04F79EFBC}") = "KT.Tools.MongoDBSetup", "KT.Tools.MongoSetup\KT.Tools.MongoDBSetup.csproj", "{9CF90E72-833C-46CB-877B-AD4C0F2E888D}"
EndProject
Project("{FAE04EC0-301F-11D3-BF4B-00C04F79EFBC}") = "KT.Data", "KT.Data\KT.Data.csproj", "{8FF01CA4-3A32-45F8-97E8-E2A185FD4B5C}"
EndProject
Project("{FAE04EC0-301F-11D3-BF4B-00C04F79EFBC}") = "KT.Domain", "KT.Domain\KT.Domain.csproj", "{37FB2E7B-1650-49E7-BAC2-04B06B3A1D4D}"
EndProject
Project("{FAE04EC0-301F-11D3-BF4B-00C04F79EFBC}") = "KT.Data.Tests", "KT.Data.Tests\KT.Data.Tests.csproj", "{A37F511F-7784-4D0C-ADBE-ECB6EB9209C3}"
EndProject
Project("{FAE04EC0-301F-11D3-BF4B-00C04F79EFBC}") = "KT.Domain.Tests", "KT.Domain.Tests\KT.Domain.Tests.csproj", "{5F4435D7-45A6-4476-839D-26FEFACAB17E}"
EndProject
Global
	GlobalSection(SolutionConfigurationPlatforms) = preSolution
		Debug|Any CPU = Debug|Any CPU
		QA|Any CPU = QA|Any CPU
		Release|Any CPU = Release|Any CPU
	EndGlobalSection
	GlobalSection(ProjectConfigurationPlatforms) = postSolution
		{1590D270-99DD-4E48-A739-B3A89ED59787}.Debug|Any CPU.ActiveCfg = Debug|Any CPU
		{1590D270-99DD-4E48-A739-B3A89ED59787}.Debug|Any CPU.Build.0 = Debug|Any CPU
		{1590D270-99DD-4E48-A739-B3A89ED59787}.QA|Any CPU.ActiveCfg = QA|Any CPU
		{1590D270-99DD-4E48-A739-B3A89ED59787}.QA|Any CPU.Build.0 = QA|Any CPU
		{1590D270-99DD-4E48-A739-B3A89ED59787}.Release|Any CPU.ActiveCfg = Release|Any CPU
		{1590D270-99DD-4E48-A739-B3A89ED59787}.Release|Any CPU.Build.0 = Release|Any CPU
		{A782EC5A-B180-4F75-91D6-4FD1E54F2C76}.Debug|Any CPU.ActiveCfg = Debug|Any CPU
		{A782EC5A-B180-4F75-91D6-4FD1E54F2C76}.Debug|Any CPU.Build.0 = Debug|Any CPU
		{A782EC5A-B180-4F75-91D6-4FD1E54F2C76}.QA|Any CPU.ActiveCfg = QA|Any CPU
		{A782EC5A-B180-4F75-91D6-4FD1E54F2C76}.QA|Any CPU.Build.0 = QA|Any CPU
		{A782EC5A-B180-4F75-91D6-4FD1E54F2C76}.Release|Any CPU.ActiveCfg = Release|Any CPU
		{A782EC5A-B180-4F75-91D6-4FD1E54F2C76}.Release|Any CPU.Build.0 = Release|Any CPU
		{464CC997-4CA7-4389-AD63-66386100CAA0}.Debug|Any CPU.ActiveCfg = Debug|Any CPU
		{464CC997-4CA7-4389-AD63-66386100CAA0}.Debug|Any CPU.Build.0 = Debug|Any CPU
		{464CC997-4CA7-4389-AD63-66386100CAA0}.QA|Any CPU.ActiveCfg = QA|Any CPU
		{464CC997-4CA7-4389-AD63-66386100CAA0}.QA|Any CPU.Build.0 = QA|Any CPU
		{464CC997-4CA7-4389-AD63-66386100CAA0}.Release|Any CPU.ActiveCfg = Release|Any CPU
		{464CC997-4CA7-4389-AD63-66386100CAA0}.Release|Any CPU.Build.0 = Release|Any CPU
		{60CAC68B-F9E9-46D5-8A25-2A4DE630F288}.Debug|Any CPU.ActiveCfg = Debug|Any CPU
		{60CAC68B-F9E9-46D5-8A25-2A4DE630F288}.Debug|Any CPU.Build.0 = Debug|Any CPU
		{60CAC68B-F9E9-46D5-8A25-2A4DE630F288}.QA|Any CPU.ActiveCfg = QA|Any CPU
		{60CAC68B-F9E9-46D5-8A25-2A4DE630F288}.QA|Any CPU.Build.0 = QA|Any CPU
		{60CAC68B-F9E9-46D5-8A25-2A4DE630F288}.Release|Any CPU.ActiveCfg = Release|Any CPU
		{60CAC68B-F9E9-46D5-8A25-2A4DE630F288}.Release|Any CPU.Build.0 = Release|Any CPU
		{720C2FA7-6BE6-48FC-A92A-EB081158DF6E}.Debug|Any CPU.ActiveCfg = Debug|Any CPU
		{720C2FA7-6BE6-48FC-A92A-EB081158DF6E}.Debug|Any CPU.Build.0 = Debug|Any CPU
		{720C2FA7-6BE6-48FC-A92A-EB081158DF6E}.QA|Any CPU.ActiveCfg = QA|Any CPU
		{720C2FA7-6BE6-48FC-A92A-EB081158DF6E}.QA|Any CPU.Build.0 = QA|Any CPU
		{720C2FA7-6BE6-48FC-A92A-EB081158DF6E}.Release|Any CPU.ActiveCfg = Release|Any CPU
		{720C2FA7-6BE6-48FC-A92A-EB081158DF6E}.Release|Any CPU.Build.0 = Release|Any CPU
		{B09EDEBE-EF47-4B6F-8FCF-EC36CE13DE80}.Debug|Any CPU.ActiveCfg = Debug|Any CPU
		{B09EDEBE-EF47-4B6F-8FCF-EC36CE13DE80}.Debug|Any CPU.Build.0 = Debug|Any CPU
		{B09EDEBE-EF47-4B6F-8FCF-EC36CE13DE80}.QA|Any CPU.ActiveCfg = QA|Any CPU
		{B09EDEBE-EF47-4B6F-8FCF-EC36CE13DE80}.QA|Any CPU.Build.0 = QA|Any CPU
		{B09EDEBE-EF47-4B6F-8FCF-EC36CE13DE80}.Release|Any CPU.ActiveCfg = Release|Any CPU
		{B09EDEBE-EF47-4B6F-8FCF-EC36CE13DE80}.Release|Any CPU.Build.0 = Release|Any CPU
		{CF8C6627-A759-4037-93E4-81514A74E967}.Debug|Any CPU.ActiveCfg = Debug|Any CPU
		{CF8C6627-A759-4037-93E4-81514A74E967}.Debug|Any CPU.Build.0 = Debug|Any CPU
		{CF8C6627-A759-4037-93E4-81514A74E967}.QA|Any CPU.ActiveCfg = QA|Any CPU
		{CF8C6627-A759-4037-93E4-81514A74E967}.QA|Any CPU.Build.0 = QA|Any CPU
		{CF8C6627-A759-4037-93E4-81514A74E967}.Release|Any CPU.ActiveCfg = Release|Any CPU
		{CF8C6627-A759-4037-93E4-81514A74E967}.Release|Any CPU.Build.0 = Release|Any CPU
		{D89CF6CD-23EE-4E8F-ABDB-AAC8D8A7671E}.Debug|Any CPU.ActiveCfg = Debug|Any CPU
		{D89CF6CD-23EE-4E8F-ABDB-AAC8D8A7671E}.Debug|Any CPU.Build.0 = Debug|Any CPU
		{D89CF6CD-23EE-4E8F-ABDB-AAC8D8A7671E}.QA|Any CPU.ActiveCfg = QA|Any CPU
		{D89CF6CD-23EE-4E8F-ABDB-AAC8D8A7671E}.QA|Any CPU.Build.0 = QA|Any CPU
		{D89CF6CD-23EE-4E8F-ABDB-AAC8D8A7671E}.Release|Any CPU.ActiveCfg = Release|Any CPU
		{D89CF6CD-23EE-4E8F-ABDB-AAC8D8A7671E}.Release|Any CPU.Build.0 = Release|Any CPU
		{F905F18E-B214-4A1A-9107-915988E5ED02}.Debug|Any CPU.ActiveCfg = Debug|Any CPU
		{F905F18E-B214-4A1A-9107-915988E5ED02}.Debug|Any CPU.Build.0 = Debug|Any CPU
		{F905F18E-B214-4A1A-9107-915988E5ED02}.QA|Any CPU.ActiveCfg = QA|Any CPU
		{F905F18E-B214-4A1A-9107-915988E5ED02}.QA|Any CPU.Build.0 = QA|Any CPU
		{F905F18E-B214-4A1A-9107-915988E5ED02}.Release|Any CPU.ActiveCfg = Release|Any CPU
		{F905F18E-B214-4A1A-9107-915988E5ED02}.Release|Any CPU.Build.0 = Release|Any CPU
		{9CF90E72-833C-46CB-877B-AD4C0F2E888D}.Debug|Any CPU.ActiveCfg = Debug|Any CPU
		{9CF90E72-833C-46CB-877B-AD4C0F2E888D}.Debug|Any CPU.Build.0 = Debug|Any CPU
		{9CF90E72-833C-46CB-877B-AD4C0F2E888D}.QA|Any CPU.ActiveCfg = QA|Any CPU
		{9CF90E72-833C-46CB-877B-AD4C0F2E888D}.QA|Any CPU.Build.0 = QA|Any CPU
		{9CF90E72-833C-46CB-877B-AD4C0F2E888D}.Release|Any CPU.ActiveCfg = Release|Any CPU
		{9CF90E72-833C-46CB-877B-AD4C0F2E888D}.Release|Any CPU.Build.0 = Release|Any CPU
		{8FF01CA4-3A32-45F8-97E8-E2A185FD4B5C}.Debug|Any CPU.ActiveCfg = Debug|Any CPU
		{8FF01CA4-3A32-45F8-97E8-E2A185FD4B5C}.Debug|Any CPU.Build.0 = Debug|Any CPU
		{8FF01CA4-3A32-45F8-97E8-E2A185FD4B5C}.QA|Any CPU.ActiveCfg = QA|Any CPU
		{8FF01CA4-3A32-45F8-97E8-E2A185FD4B5C}.QA|Any CPU.Build.0 = QA|Any CPU
		{8FF01CA4-3A32-45F8-97E8-E2A185FD4B5C}.Release|Any CPU.ActiveCfg = Release|Any CPU
		{8FF01CA4-3A32-45F8-97E8-E2A185FD4B5C}.Release|Any CPU.Build.0 = Release|Any CPU
		{37FB2E7B-1650-49E7-BAC2-04B06B3A1D4D}.Debug|Any CPU.ActiveCfg = Debug|Any CPU
		{37FB2E7B-1650-49E7-BAC2-04B06B3A1D4D}.Debug|Any CPU.Build.0 = Debug|Any CPU
		{37FB2E7B-1650-49E7-BAC2-04B06B3A1D4D}.QA|Any CPU.ActiveCfg = QA|Any CPU
		{37FB2E7B-1650-49E7-BAC2-04B06B3A1D4D}.QA|Any CPU.Build.0 = QA|Any CPU
		{37FB2E7B-1650-49E7-BAC2-04B06B3A1D4D}.Release|Any CPU.ActiveCfg = Release|Any CPU
		{37FB2E7B-1650-49E7-BAC2-04B06B3A1D4D}.Release|Any CPU.Build.0 = Release|Any CPU
		{A37F511F-7784-4D0C-ADBE-ECB6EB9209C3}.Debug|Any CPU.ActiveCfg = Debug|Any CPU
		{A37F511F-7784-4D0C-ADBE-ECB6EB9209C3}.Debug|Any CPU.Build.0 = Debug|Any CPU
		{A37F511F-7784-4D0C-ADBE-ECB6EB9209C3}.QA|Any CPU.ActiveCfg = Release|Any CPU
		{A37F511F-7784-4D0C-ADBE-ECB6EB9209C3}.QA|Any CPU.Build.0 = Release|Any CPU
		{A37F511F-7784-4D0C-ADBE-ECB6EB9209C3}.Release|Any CPU.ActiveCfg = Release|Any CPU
		{A37F511F-7784-4D0C-ADBE-ECB6EB9209C3}.Release|Any CPU.Build.0 = Release|Any CPU
		{5F4435D7-45A6-4476-839D-26FEFACAB17E}.Debug|Any CPU.ActiveCfg = Debug|Any CPU
		{5F4435D7-45A6-4476-839D-26FEFACAB17E}.Debug|Any CPU.Build.0 = Debug|Any CPU
		{5F4435D7-45A6-4476-839D-26FEFACAB17E}.QA|Any CPU.ActiveCfg = Release|Any CPU
		{5F4435D7-45A6-4476-839D-26FEFACAB17E}.QA|Any CPU.Build.0 = Release|Any CPU
		{5F4435D7-45A6-4476-839D-26FEFACAB17E}.Release|Any CPU.ActiveCfg = Release|Any CPU
		{5F4435D7-45A6-4476-839D-26FEFACAB17E}.Release|Any CPU.Build.0 = Release|Any CPU
	EndGlobalSection
	GlobalSection(SolutionProperties) = preSolution
		HideSolutionNode = FALSE
	EndGlobalSection
	GlobalSection(NestedProjects) = preSolution
		{1590D270-99DD-4E48-A739-B3A89ED59787} = {3D7F99AE-85A7-427F-B281-D6AE89D73118}
		{A782EC5A-B180-4F75-91D6-4FD1E54F2C76} = {3D7F99AE-85A7-427F-B281-D6AE89D73118}
		{464CC997-4CA7-4389-AD63-66386100CAA0} = {3D7F99AE-85A7-427F-B281-D6AE89D73118}
		{60CAC68B-F9E9-46D5-8A25-2A4DE630F288} = {3D7F99AE-85A7-427F-B281-D6AE89D73118}
		{720C2FA7-6BE6-48FC-A92A-EB081158DF6E} = {3D7F99AE-85A7-427F-B281-D6AE89D73118}
		{B09EDEBE-EF47-4B6F-8FCF-EC36CE13DE80} = {3D7F99AE-85A7-427F-B281-D6AE89D73118}
		{CF8C6627-A759-4037-93E4-81514A74E967} = {3D7F99AE-85A7-427F-B281-D6AE89D73118}
		{D89CF6CD-23EE-4E8F-ABDB-AAC8D8A7671E} = {3D7F99AE-85A7-427F-B281-D6AE89D73118}
		{F905F18E-B214-4A1A-9107-915988E5ED02} = {7C037E16-491B-4E8E-8A03-8421BB9389E5}
		{9CF90E72-833C-46CB-877B-AD4C0F2E888D} = {9029CE61-E258-4414-8C84-C6D86E7E9F10}
		{8FF01CA4-3A32-45F8-97E8-E2A185FD4B5C} = {97AC4CDF-29D4-41AC-ADAA-A3D5AE0AE084}
		{37FB2E7B-1650-49E7-BAC2-04B06B3A1D4D} = {39E30139-63CB-46C4-959D-C06CFE3AC7A7}
		{A37F511F-7784-4D0C-ADBE-ECB6EB9209C3} = {97AC4CDF-29D4-41AC-ADAA-A3D5AE0AE084}
		{5F4435D7-45A6-4476-839D-26FEFACAB17E} = {39E30139-63CB-46C4-959D-C06CFE3AC7A7}
	EndGlobalSection
EndGlobal
